// !$*UTF8*$!
{
	archiveVersion = 1;
	classes = {
	};
	objectVersion = 56;
	objects = {

/* Begin PBXBuildFile section */
		1573CA28EC4601FDF0AB91F5 /* Pods_Where_Am_I.framework in Frameworks */ = {isa = PBXBuildFile; fileRef = 80614E6CC4AB3A49AC1890EC /* Pods_Where_Am_I.framework */; };
		CF04CB2C2A91B83300492C10 /* CustomAnnotation.swift in Sources */ = {isa = PBXBuildFile; fileRef = CF04CB2B2A91B83300492C10 /* CustomAnnotation.swift */; };
		CF04CB2E2A91C05800492C10 /* RxMKMapViewDelegateProxy.swift in Sources */ = {isa = PBXBuildFile; fileRef = CF04CB2D2A91C05800492C10 /* RxMKMapViewDelegateProxy.swift */; };
		CF04CB302A91C4FB00492C10 /* Reactive+UIButton.swift in Sources */ = {isa = PBXBuildFile; fileRef = CF04CB2F2A91C4FB00492C10 /* Reactive+UIButton.swift */; };
		CF04CB322A91D96F00492C10 /* Reactive+UIImageView.swift in Sources */ = {isa = PBXBuildFile; fileRef = CF04CB312A91D96F00492C10 /* Reactive+UIImageView.swift */; };
		CF04CB352A92182800492C10 /* FavoriteViewController.swift in Sources */ = {isa = PBXBuildFile; fileRef = CF04CB342A92182800492C10 /* FavoriteViewController.swift */; };
		CF04CB382A921BDE00492C10 /* FavoriteViewModel.swift in Sources */ = {isa = PBXBuildFile; fileRef = CF04CB372A921BDE00492C10 /* FavoriteViewModel.swift */; };
		CF04CB3A2A921C4B00492C10 /* Place.swift in Sources */ = {isa = PBXBuildFile; fileRef = CF04CB392A921C4B00492C10 /* Place.swift */; };
		CF04CB402A921D8500492C10 /* PlaceStorageType.swift in Sources */ = {isa = PBXBuildFile; fileRef = CF04CB3F2A921D8500492C10 /* PlaceStorageType.swift */; };
		CF04CB422A921E5100492C10 /* MemoryStorage.swift in Sources */ = {isa = PBXBuildFile; fileRef = CF04CB412A921E5100492C10 /* MemoryStorage.swift */; };
		CF04CB442A92234000492C10 /* FavoriteCell.swift in Sources */ = {isa = PBXBuildFile; fileRef = CF04CB432A92234000492C10 /* FavoriteCell.swift */; };
		CF04CB462A92248600492C10 /* FavoriteCellViewModel.swift in Sources */ = {isa = PBXBuildFile; fileRef = CF04CB452A92248600492C10 /* FavoriteCellViewModel.swift */; };
		CF0E0C832A90B9F0005FA27A /* AppDelegate.swift in Sources */ = {isa = PBXBuildFile; fileRef = CF0E0C822A90B9F0005FA27A /* AppDelegate.swift */; };
		CF0E0C852A90B9F0005FA27A /* SceneDelegate.swift in Sources */ = {isa = PBXBuildFile; fileRef = CF0E0C842A90B9F0005FA27A /* SceneDelegate.swift */; };
		CF0E0C8C2A90B9F0005FA27A /* Assets.xcassets in Resources */ = {isa = PBXBuildFile; fileRef = CF0E0C8B2A90B9F0005FA27A /* Assets.xcassets */; };
		CF0E0C8F2A90B9F0005FA27A /* LaunchScreen.storyboard in Resources */ = {isa = PBXBuildFile; fileRef = CF0E0C8D2A90B9F0005FA27A /* LaunchScreen.storyboard */; };
		CF0E0CA32A90BAB6005FA27A /* MapViewController.swift in Sources */ = {isa = PBXBuildFile; fileRef = CF0E0CA22A90BAB6005FA27A /* MapViewController.swift */; };
		CF0E0CA62A90BAEF005FA27A /* MapViewModel.swift in Sources */ = {isa = PBXBuildFile; fileRef = CF0E0CA52A90BAEF005FA27A /* MapViewModel.swift */; };
		CF0E0CAB2A90BDC0005FA27A /* SearchViewController.swift in Sources */ = {isa = PBXBuildFile; fileRef = CF0E0CAA2A90BDC0005FA27A /* SearchViewController.swift */; };
		CF0E0CAD2A90C165005FA27A /* LocationProviderType.swift in Sources */ = {isa = PBXBuildFile; fileRef = CF0E0CAC2A90C165005FA27A /* LocationProviderType.swift */; };
		CF0E0CAF2A90C28C005FA27A /* LocationProvider.swift in Sources */ = {isa = PBXBuildFile; fileRef = CF0E0CAE2A90C28C005FA27A /* LocationProvider.swift */; };
		CF0E0CB22A90C30A005FA27A /* CoreLocation+Place.swift in Sources */ = {isa = PBXBuildFile; fileRef = CF0E0CB12A90C30A005FA27A /* CoreLocation+Place.swift */; };
		CF0E0CB42A90C3CE005FA27A /* RxCLLocationManagerDelegateProxy.swift in Sources */ = {isa = PBXBuildFile; fileRef = CF0E0CB32A90C3CE005FA27A /* RxCLLocationManagerDelegateProxy.swift */; };
		CF0E0CB62A90C5D5005FA27A /* BaseViewModel.swift in Sources */ = {isa = PBXBuildFile; fileRef = CF0E0CB52A90C5D5005FA27A /* BaseViewModel.swift */; };
		CF0E0CB82A90C6BD005FA27A /* BaseViewController.swift in Sources */ = {isa = PBXBuildFile; fileRef = CF0E0CB72A90C6BD005FA27A /* BaseViewController.swift */; };
		CF0E0CBA2A90C9AA005FA27A /* Reactive+MapView.swift in Sources */ = {isa = PBXBuildFile; fileRef = CF0E0CB92A90C9AA005FA27A /* Reactive+MapView.swift */; };
		CF0E0CBC2A90CEF4005FA27A /* Reactive+UILabel.swift in Sources */ = {isa = PBXBuildFile; fileRef = CF0E0CBB2A90CEF4005FA27A /* Reactive+UILabel.swift */; };
		CF0E0CBE2A90F06B005FA27A /* MKSearchService.swift in Sources */ = {isa = PBXBuildFile; fileRef = CF0E0CBD2A90F06B005FA27A /* MKSearchService.swift */; };
		CF0E0CC02A90F08D005FA27A /* SearchServiceType.swift in Sources */ = {isa = PBXBuildFile; fileRef = CF0E0CBF2A90F08D005FA27A /* SearchServiceType.swift */; };
		CF0E0CC22A90F1CA005FA27A /* MKLocalSearchCompletion+.swift in Sources */ = {isa = PBXBuildFile; fileRef = CF0E0CC12A90F1CA005FA27A /* MKLocalSearchCompletion+.swift */; };
		CF0E0CC42A90F283005FA27A /* RxMKLocalSearchCompleterDelegateProxy.swift in Sources */ = {isa = PBXBuildFile; fileRef = CF0E0CC32A90F283005FA27A /* RxMKLocalSearchCompleterDelegateProxy.swift */; };
		CF64D8652A9876BA000FB186 /* DetailViewModel.swift in Sources */ = {isa = PBXBuildFile; fileRef = CF64D8642A9876BA000FB186 /* DetailViewModel.swift */; };
		CF64D8672A98949D000FB186 /* PlaceStorage.swift in Sources */ = {isa = PBXBuildFile; fileRef = CF64D8662A98949D000FB186 /* PlaceStorage.swift */; };
		CF64D86A2A98954B000FB186 /* PlaceDataModel.xcdatamodeld in Sources */ = {isa = PBXBuildFile; fileRef = CF64D8682A98954B000FB186 /* PlaceDataModel.xcdatamodeld */; };
		CF64D8702A98AC9F000FB186 /* UIViewController+.swift in Sources */ = {isa = PBXBuildFile; fileRef = CF64D86F2A98AC9F000FB186 /* UIViewController+.swift */; };
		CFF140122A9722B200AAEA1D /* FavoriteDetailViewController.swift in Sources */ = {isa = PBXBuildFile; fileRef = CFF140112A9722B200AAEA1D /* FavoriteDetailViewController.swift */; };
/* End PBXBuildFile section */

/* Begin PBXFileReference section */
		1C32548B6D6EB506C5022232 /* Pods-Where_Am_I.debug.xcconfig */ = {isa = PBXFileReference; includeInIndex = 1; lastKnownFileType = text.xcconfig; name = "Pods-Where_Am_I.debug.xcconfig"; path = "Target Support Files/Pods-Where_Am_I/Pods-Where_Am_I.debug.xcconfig"; sourceTree = "<group>"; };
		43E6B9D1E5708EC2D82028F9 /* Pods-Where_Am_I.release.xcconfig */ = {isa = PBXFileReference; includeInIndex = 1; lastKnownFileType = text.xcconfig; name = "Pods-Where_Am_I.release.xcconfig"; path = "Target Support Files/Pods-Where_Am_I/Pods-Where_Am_I.release.xcconfig"; sourceTree = "<group>"; };
		80614E6CC4AB3A49AC1890EC /* Pods_Where_Am_I.framework */ = {isa = PBXFileReference; explicitFileType = wrapper.framework; includeInIndex = 0; path = Pods_Where_Am_I.framework; sourceTree = BUILT_PRODUCTS_DIR; };
		CF04CB2B2A91B83300492C10 /* CustomAnnotation.swift */ = {isa = PBXFileReference; lastKnownFileType = sourcecode.swift; path = CustomAnnotation.swift; sourceTree = "<group>"; };
		CF04CB2D2A91C05800492C10 /* RxMKMapViewDelegateProxy.swift */ = {isa = PBXFileReference; lastKnownFileType = sourcecode.swift; path = RxMKMapViewDelegateProxy.swift; sourceTree = "<group>"; };
		CF04CB2F2A91C4FB00492C10 /* Reactive+UIButton.swift */ = {isa = PBXFileReference; lastKnownFileType = sourcecode.swift; path = "Reactive+UIButton.swift"; sourceTree = "<group>"; };
		CF04CB312A91D96F00492C10 /* Reactive+UIImageView.swift */ = {isa = PBXFileReference; lastKnownFileType = sourcecode.swift; path = "Reactive+UIImageView.swift"; sourceTree = "<group>"; };
		CF04CB342A92182800492C10 /* FavoriteViewController.swift */ = {isa = PBXFileReference; lastKnownFileType = sourcecode.swift; path = FavoriteViewController.swift; sourceTree = "<group>"; };
		CF04CB372A921BDE00492C10 /* FavoriteViewModel.swift */ = {isa = PBXFileReference; lastKnownFileType = sourcecode.swift; path = FavoriteViewModel.swift; sourceTree = "<group>"; };
		CF04CB392A921C4B00492C10 /* Place.swift */ = {isa = PBXFileReference; lastKnownFileType = sourcecode.swift; path = Place.swift; sourceTree = "<group>"; };
		CF04CB3F2A921D8500492C10 /* PlaceStorageType.swift */ = {isa = PBXFileReference; lastKnownFileType = sourcecode.swift; path = PlaceStorageType.swift; sourceTree = "<group>"; };
		CF04CB412A921E5100492C10 /* MemoryStorage.swift */ = {isa = PBXFileReference; lastKnownFileType = sourcecode.swift; path = MemoryStorage.swift; sourceTree = "<group>"; };
		CF04CB432A92234000492C10 /* FavoriteCell.swift */ = {isa = PBXFileReference; lastKnownFileType = sourcecode.swift; path = FavoriteCell.swift; sourceTree = "<group>"; };
		CF04CB452A92248600492C10 /* FavoriteCellViewModel.swift */ = {isa = PBXFileReference; lastKnownFileType = sourcecode.swift; path = FavoriteCellViewModel.swift; sourceTree = "<group>"; };
		CF0E0C7F2A90B9F0005FA27A /* Where_Am_I.app */ = {isa = PBXFileReference; explicitFileType = wrapper.application; includeInIndex = 0; path = Where_Am_I.app; sourceTree = BUILT_PRODUCTS_DIR; };
		CF0E0C822A90B9F0005FA27A /* AppDelegate.swift */ = {isa = PBXFileReference; lastKnownFileType = sourcecode.swift; path = AppDelegate.swift; sourceTree = "<group>"; };
		CF0E0C842A90B9F0005FA27A /* SceneDelegate.swift */ = {isa = PBXFileReference; lastKnownFileType = sourcecode.swift; path = SceneDelegate.swift; sourceTree = "<group>"; };
		CF0E0C8B2A90B9F0005FA27A /* Assets.xcassets */ = {isa = PBXFileReference; lastKnownFileType = folder.assetcatalog; path = Assets.xcassets; sourceTree = "<group>"; };
		CF0E0C8E2A90B9F0005FA27A /* Base */ = {isa = PBXFileReference; lastKnownFileType = file.storyboard; name = Base; path = Base.lproj/LaunchScreen.storyboard; sourceTree = "<group>"; };
		CF0E0C902A90B9F0005FA27A /* Info.plist */ = {isa = PBXFileReference; lastKnownFileType = text.plist.xml; path = Info.plist; sourceTree = "<group>"; };
		CF0E0CA22A90BAB6005FA27A /* MapViewController.swift */ = {isa = PBXFileReference; lastKnownFileType = sourcecode.swift; path = MapViewController.swift; sourceTree = "<group>"; };
		CF0E0CA52A90BAEF005FA27A /* MapViewModel.swift */ = {isa = PBXFileReference; lastKnownFileType = sourcecode.swift; path = MapViewModel.swift; sourceTree = "<group>"; };
		CF0E0CAA2A90BDC0005FA27A /* SearchViewController.swift */ = {isa = PBXFileReference; lastKnownFileType = sourcecode.swift; path = SearchViewController.swift; sourceTree = "<group>"; };
		CF0E0CAC2A90C165005FA27A /* LocationProviderType.swift */ = {isa = PBXFileReference; lastKnownFileType = sourcecode.swift; path = LocationProviderType.swift; sourceTree = "<group>"; };
		CF0E0CAE2A90C28C005FA27A /* LocationProvider.swift */ = {isa = PBXFileReference; lastKnownFileType = sourcecode.swift; path = LocationProvider.swift; sourceTree = "<group>"; };
		CF0E0CB12A90C30A005FA27A /* CoreLocation+Place.swift */ = {isa = PBXFileReference; lastKnownFileType = sourcecode.swift; path = "CoreLocation+Place.swift"; sourceTree = "<group>"; };
		CF0E0CB32A90C3CE005FA27A /* RxCLLocationManagerDelegateProxy.swift */ = {isa = PBXFileReference; lastKnownFileType = sourcecode.swift; path = RxCLLocationManagerDelegateProxy.swift; sourceTree = "<group>"; };
		CF0E0CB52A90C5D5005FA27A /* BaseViewModel.swift */ = {isa = PBXFileReference; lastKnownFileType = sourcecode.swift; path = BaseViewModel.swift; sourceTree = "<group>"; };
		CF0E0CB72A90C6BD005FA27A /* BaseViewController.swift */ = {isa = PBXFileReference; lastKnownFileType = sourcecode.swift; path = BaseViewController.swift; sourceTree = "<group>"; };
		CF0E0CB92A90C9AA005FA27A /* Reactive+MapView.swift */ = {isa = PBXFileReference; lastKnownFileType = sourcecode.swift; path = "Reactive+MapView.swift"; sourceTree = "<group>"; };
		CF0E0CBB2A90CEF4005FA27A /* Reactive+UILabel.swift */ = {isa = PBXFileReference; lastKnownFileType = sourcecode.swift; path = "Reactive+UILabel.swift"; sourceTree = "<group>"; };
		CF0E0CBD2A90F06B005FA27A /* MKSearchService.swift */ = {isa = PBXFileReference; lastKnownFileType = sourcecode.swift; path = MKSearchService.swift; sourceTree = "<group>"; };
		CF0E0CBF2A90F08D005FA27A /* SearchServiceType.swift */ = {isa = PBXFileReference; lastKnownFileType = sourcecode.swift; path = SearchServiceType.swift; sourceTree = "<group>"; };
		CF0E0CC12A90F1CA005FA27A /* MKLocalSearchCompletion+.swift */ = {isa = PBXFileReference; lastKnownFileType = sourcecode.swift; path = "MKLocalSearchCompletion+.swift"; sourceTree = "<group>"; };
		CF0E0CC32A90F283005FA27A /* RxMKLocalSearchCompleterDelegateProxy.swift */ = {isa = PBXFileReference; lastKnownFileType = sourcecode.swift; path = RxMKLocalSearchCompleterDelegateProxy.swift; sourceTree = "<group>"; };
		CF64D8642A9876BA000FB186 /* DetailViewModel.swift */ = {isa = PBXFileReference; lastKnownFileType = sourcecode.swift; path = DetailViewModel.swift; sourceTree = "<group>"; };
		CF64D8662A98949D000FB186 /* PlaceStorage.swift */ = {isa = PBXFileReference; lastKnownFileType = sourcecode.swift; path = PlaceStorage.swift; sourceTree = "<group>"; };
		CF64D8692A98954B000FB186 /* PlaceDataModel.xcdatamodel */ = {isa = PBXFileReference; lastKnownFileType = wrapper.xcdatamodel; path = PlaceDataModel.xcdatamodel; sourceTree = "<group>"; };
		CF64D86F2A98AC9F000FB186 /* UIViewController+.swift */ = {isa = PBXFileReference; lastKnownFileType = sourcecode.swift; path = "UIViewController+.swift"; sourceTree = "<group>"; };
		CFF140112A9722B200AAEA1D /* FavoriteDetailViewController.swift */ = {isa = PBXFileReference; lastKnownFileType = sourcecode.swift; path = FavoriteDetailViewController.swift; sourceTree = "<group>"; };
/* End PBXFileReference section */

/* Begin PBXFrameworksBuildPhase section */
		CF0E0C7C2A90B9F0005FA27A /* Frameworks */ = {
			isa = PBXFrameworksBuildPhase;
			buildActionMask = 2147483647;
			files = (
				1573CA28EC4601FDF0AB91F5 /* Pods_Where_Am_I.framework in Frameworks */,
			);
			runOnlyForDeploymentPostprocessing = 0;
		};
/* End PBXFrameworksBuildPhase section */

/* Begin PBXGroup section */
		7BD8FDF97C1D7F6B7B011AD6 /* Frameworks */ = {
			isa = PBXGroup;
			children = (
				80614E6CC4AB3A49AC1890EC /* Pods_Where_Am_I.framework */,
			);
			name = Frameworks;
			sourceTree = "<group>";
		};
		81760A46169964B1542C830F /* Pods */ = {
			isa = PBXGroup;
			children = (
				1C32548B6D6EB506C5022232 /* Pods-Where_Am_I.debug.xcconfig */,
				43E6B9D1E5708EC2D82028F9 /* Pods-Where_Am_I.release.xcconfig */,
			);
			path = Pods;
			sourceTree = "<group>";
		};
		CF04CB332A91D97F00492C10 /* Reactive */ = {
			isa = PBXGroup;
			children = (
				CF0E0CB92A90C9AA005FA27A /* Reactive+MapView.swift */,
				CF0E0CBB2A90CEF4005FA27A /* Reactive+UILabel.swift */,
				CF04CB2F2A91C4FB00492C10 /* Reactive+UIButton.swift */,
				CF04CB312A91D96F00492C10 /* Reactive+UIImageView.swift */,
			);
			path = Reactive;
			sourceTree = "<group>";
		};
		CF04CB362A92183700492C10 /* Custom */ = {
			isa = PBXGroup;
			children = (
				CF04CB2B2A91B83300492C10 /* CustomAnnotation.swift */,
			);
			path = Custom;
			sourceTree = "<group>";
		};
		CF04CB3B2A921D4700492C10 /* DelegateProxy */ = {
			isa = PBXGroup;
			children = (
				CF0E0CB32A90C3CE005FA27A /* RxCLLocationManagerDelegateProxy.swift */,
				CF0E0CC32A90F283005FA27A /* RxMKLocalSearchCompleterDelegateProxy.swift */,
				CF04CB2D2A91C05800492C10 /* RxMKMapViewDelegateProxy.swift */,
			);
			path = DelegateProxy;
			sourceTree = "<group>";
		};
		CF04CB3C2A921D5600492C10 /* Location */ = {
			isa = PBXGroup;
			children = (
				CF0E0CAC2A90C165005FA27A /* LocationProviderType.swift */,
				CF0E0CAE2A90C28C005FA27A /* LocationProvider.swift */,
			);
			path = Location;
			sourceTree = "<group>";
		};
		CF04CB3D2A921D6500492C10 /* MKSearch */ = {
			isa = PBXGroup;
			children = (
				CF0E0CBD2A90F06B005FA27A /* MKSearchService.swift */,
				CF0E0CBF2A90F08D005FA27A /* SearchServiceType.swift */,
			);
			path = MKSearch;
			sourceTree = "<group>";
		};
		CF04CB3E2A921D7900492C10 /* CoreData */ = {
			isa = PBXGroup;
			children = (
				CF64D8682A98954B000FB186 /* PlaceDataModel.xcdatamodeld */,
				CF04CB3F2A921D8500492C10 /* PlaceStorageType.swift */,
				CF04CB412A921E5100492C10 /* MemoryStorage.swift */,
				CF64D8662A98949D000FB186 /* PlaceStorage.swift */,
			);
			path = CoreData;
			sourceTree = "<group>";
		};
		CF0E0C762A90B9F0005FA27A = {
			isa = PBXGroup;
			children = (
				CF0E0C812A90B9F0005FA27A /* Where_Am_I */,
				CF0E0C802A90B9F0005FA27A /* Products */,
				81760A46169964B1542C830F /* Pods */,
				7BD8FDF97C1D7F6B7B011AD6 /* Frameworks */,
			);
			sourceTree = "<group>";
		};
		CF0E0C802A90B9F0005FA27A /* Products */ = {
			isa = PBXGroup;
			children = (
				CF0E0C7F2A90B9F0005FA27A /* Where_Am_I.app */,
			);
			name = Products;
			sourceTree = "<group>";
		};
		CF0E0C812A90B9F0005FA27A /* Where_Am_I */ = {
			isa = PBXGroup;
			children = (
				CF0E0CA42A90BADE005FA27A /* App */,
				CF0E0CA12A90BAAC005FA27A /* Service */,
				CF0E0CA02A90BAA9005FA27A /* Model */,
				CF0E0C9F2A90BAA1005FA27A /* View */,
				CF0E0C9E2A90BA9B005FA27A /* ViewModel */,
				CF0E0CB02A90C2F5005FA27A /* Extension */,
				CF0E0C8B2A90B9F0005FA27A /* Assets.xcassets */,
				CF0E0C8D2A90B9F0005FA27A /* LaunchScreen.storyboard */,
				CF0E0C902A90B9F0005FA27A /* Info.plist */,
			);
			path = Where_Am_I;
			sourceTree = "<group>";
		};
		CF0E0C9E2A90BA9B005FA27A /* ViewModel */ = {
			isa = PBXGroup;
			children = (
				CF0E0CA52A90BAEF005FA27A /* MapViewModel.swift */,
				CF0E0CB52A90C5D5005FA27A /* BaseViewModel.swift */,
				CF04CB372A921BDE00492C10 /* FavoriteViewModel.swift */,
				CF04CB452A92248600492C10 /* FavoriteCellViewModel.swift */,
				CF64D8642A9876BA000FB186 /* DetailViewModel.swift */,
			);
			path = ViewModel;
			sourceTree = "<group>";
		};
		CF0E0C9F2A90BAA1005FA27A /* View */ = {
			isa = PBXGroup;
			children = (
				CF04CB362A92183700492C10 /* Custom */,
				CF0E0CA22A90BAB6005FA27A /* MapViewController.swift */,
				CF0E0CAA2A90BDC0005FA27A /* SearchViewController.swift */,
				CF04CB342A92182800492C10 /* FavoriteViewController.swift */,
				CF0E0CB72A90C6BD005FA27A /* BaseViewController.swift */,
				CF04CB432A92234000492C10 /* FavoriteCell.swift */,
				CFF140112A9722B200AAEA1D /* FavoriteDetailViewController.swift */,
			);
			path = View;
			sourceTree = "<group>";
		};
		CF0E0CA02A90BAA9005FA27A /* Model */ = {
			isa = PBXGroup;
			children = (
				CF04CB392A921C4B00492C10 /* Place.swift */,
			);
			path = Model;
			sourceTree = "<group>";
		};
		CF0E0CA12A90BAAC005FA27A /* Service */ = {
			isa = PBXGroup;
			children = (
				CF04CB3E2A921D7900492C10 /* CoreData */,
				CF04CB3C2A921D5600492C10 /* Location */,
				CF04CB3D2A921D6500492C10 /* MKSearch */,
				CF04CB3B2A921D4700492C10 /* DelegateProxy */,
			);
			path = Service;
			sourceTree = "<group>";
		};
		CF0E0CA42A90BADE005FA27A /* App */ = {
			isa = PBXGroup;
			children = (
				CF0E0C822A90B9F0005FA27A /* AppDelegate.swift */,
				CF0E0C842A90B9F0005FA27A /* SceneDelegate.swift */,
			);
			path = App;
			sourceTree = "<group>";
		};
		CF0E0CB02A90C2F5005FA27A /* Extension */ = {
			isa = PBXGroup;
			children = (
				CF04CB332A91D97F00492C10 /* Reactive */,
				CF0E0CB12A90C30A005FA27A /* CoreLocation+Place.swift */,
				CF0E0CC12A90F1CA005FA27A /* MKLocalSearchCompletion+.swift */,
				CF64D86F2A98AC9F000FB186 /* UIViewController+.swift */,
			);
			path = Extension;
			sourceTree = "<group>";
		};
/* End PBXGroup section */

/* Begin PBXNativeTarget section */
		CF0E0C7E2A90B9F0005FA27A /* Where_Am_I */ = {
			isa = PBXNativeTarget;
			buildConfigurationList = CF0E0C932A90B9F0005FA27A /* Build configuration list for PBXNativeTarget "Where_Am_I" */;
			buildPhases = (
				38FF1E87646BDAE754B459B7 /* [CP] Check Pods Manifest.lock */,
				CF0E0C7B2A90B9F0005FA27A /* Sources */,
				CF0E0C7C2A90B9F0005FA27A /* Frameworks */,
				CF0E0C7D2A90B9F0005FA27A /* Resources */,
				A851C9F2808B4DF7DCE33CCF /* [CP] Embed Pods Frameworks */,
			);
			buildRules = (
			);
			dependencies = (
			);
			name = Where_Am_I;
			productName = Where_Am_I;
			productReference = CF0E0C7F2A90B9F0005FA27A /* Where_Am_I.app */;
			productType = "com.apple.product-type.application";
		};
/* End PBXNativeTarget section */

/* Begin PBXProject section */
		CF0E0C772A90B9F0005FA27A /* Project object */ = {
			isa = PBXProject;
			attributes = {
				BuildIndependentTargetsInParallel = 1;
				LastSwiftUpdateCheck = 1430;
				LastUpgradeCheck = 1430;
				TargetAttributes = {
					CF0E0C7E2A90B9F0005FA27A = {
						CreatedOnToolsVersion = 14.3.1;
					};
				};
			};
			buildConfigurationList = CF0E0C7A2A90B9F0005FA27A /* Build configuration list for PBXProject "Where_Am_I" */;
			compatibilityVersion = "Xcode 14.0";
			developmentRegion = en;
			hasScannedForEncodings = 0;
			knownRegions = (
				en,
				Base,
			);
			mainGroup = CF0E0C762A90B9F0005FA27A;
			productRefGroup = CF0E0C802A90B9F0005FA27A /* Products */;
			projectDirPath = "";
			projectRoot = "";
			targets = (
				CF0E0C7E2A90B9F0005FA27A /* Where_Am_I */,
			);
		};
/* End PBXProject section */

/* Begin PBXResourcesBuildPhase section */
		CF0E0C7D2A90B9F0005FA27A /* Resources */ = {
			isa = PBXResourcesBuildPhase;
			buildActionMask = 2147483647;
			files = (
				CF0E0C8F2A90B9F0005FA27A /* LaunchScreen.storyboard in Resources */,
				CF0E0C8C2A90B9F0005FA27A /* Assets.xcassets in Resources */,
			);
			runOnlyForDeploymentPostprocessing = 0;
		};
/* End PBXResourcesBuildPhase section */

/* Begin PBXShellScriptBuildPhase section */
		38FF1E87646BDAE754B459B7 /* [CP] Check Pods Manifest.lock */ = {
			isa = PBXShellScriptBuildPhase;
			buildActionMask = 2147483647;
			files = (
			);
			inputFileListPaths = (
			);
			inputPaths = (
				"${PODS_PODFILE_DIR_PATH}/Podfile.lock",
				"${PODS_ROOT}/Manifest.lock",
			);
			name = "[CP] Check Pods Manifest.lock";
			outputFileListPaths = (
			);
			outputPaths = (
				"$(DERIVED_FILE_DIR)/Pods-Where_Am_I-checkManifestLockResult.txt",
			);
			runOnlyForDeploymentPostprocessing = 0;
			shellPath = /bin/sh;
			shellScript = "diff \"${PODS_PODFILE_DIR_PATH}/Podfile.lock\" \"${PODS_ROOT}/Manifest.lock\" > /dev/null\nif [ $? != 0 ] ; then\n    # print error to STDERR\n    echo \"error: The sandbox is not in sync with the Podfile.lock. Run 'pod install' or update your CocoaPods installation.\" >&2\n    exit 1\nfi\n# This output is used by Xcode 'outputs' to avoid re-running this script phase.\necho \"SUCCESS\" > \"${SCRIPT_OUTPUT_FILE_0}\"\n";
			showEnvVarsInLog = 0;
		};
		A851C9F2808B4DF7DCE33CCF /* [CP] Embed Pods Frameworks */ = {
			isa = PBXShellScriptBuildPhase;
			buildActionMask = 2147483647;
			files = (
			);
			inputFileListPaths = (
				"${PODS_ROOT}/Target Support Files/Pods-Where_Am_I/Pods-Where_Am_I-frameworks-${CONFIGURATION}-input-files.xcfilelist",
			);
			name = "[CP] Embed Pods Frameworks";
			outputFileListPaths = (
				"${PODS_ROOT}/Target Support Files/Pods-Where_Am_I/Pods-Where_Am_I-frameworks-${CONFIGURATION}-output-files.xcfilelist",
			);
			runOnlyForDeploymentPostprocessing = 0;
			shellPath = /bin/sh;
			shellScript = "\"${PODS_ROOT}/Target Support Files/Pods-Where_Am_I/Pods-Where_Am_I-frameworks.sh\"\n";
			showEnvVarsInLog = 0;
		};
/* End PBXShellScriptBuildPhase section */

/* Begin PBXSourcesBuildPhase section */
		CF0E0C7B2A90B9F0005FA27A /* Sources */ = {
			isa = PBXSourcesBuildPhase;
			buildActionMask = 2147483647;
			files = (
				CF04CB322A91D96F00492C10 /* Reactive+UIImageView.swift in Sources */,
				CF0E0CAB2A90BDC0005FA27A /* SearchViewController.swift in Sources */,
				CF0E0CBE2A90F06B005FA27A /* MKSearchService.swift in Sources */,
				CF64D86A2A98954B000FB186 /* PlaceDataModel.xcdatamodeld in Sources */,
				CF04CB3A2A921C4B00492C10 /* Place.swift in Sources */,
				CF0E0CB62A90C5D5005FA27A /* BaseViewModel.swift in Sources */,
				CF0E0CB82A90C6BD005FA27A /* BaseViewController.swift in Sources */,
				CF0E0C832A90B9F0005FA27A /* AppDelegate.swift in Sources */,
				CF64D8702A98AC9F000FB186 /* UIViewController+.swift in Sources */,
				CF0E0CA32A90BAB6005FA27A /* MapViewController.swift in Sources */,
				CF04CB402A921D8500492C10 /* PlaceStorageType.swift in Sources */,
				CF0E0CAD2A90C165005FA27A /* LocationProviderType.swift in Sources */,
				CF04CB462A92248600492C10 /* FavoriteCellViewModel.swift in Sources */,
				CF04CB2E2A91C05800492C10 /* RxMKMapViewDelegateProxy.swift in Sources */,
				CF0E0CC22A90F1CA005FA27A /* MKLocalSearchCompletion+.swift in Sources */,
				CF64D8652A9876BA000FB186 /* DetailViewModel.swift in Sources */,
				CF0E0CB42A90C3CE005FA27A /* RxCLLocationManagerDelegateProxy.swift in Sources */,
				CF0E0C852A90B9F0005FA27A /* SceneDelegate.swift in Sources */,
				CF0E0CBA2A90C9AA005FA27A /* Reactive+MapView.swift in Sources */,
				CF04CB442A92234000492C10 /* FavoriteCell.swift in Sources */,
				CF04CB2C2A91B83300492C10 /* CustomAnnotation.swift in Sources */,
				CF04CB422A921E5100492C10 /* MemoryStorage.swift in Sources */,
				CF0E0CB22A90C30A005FA27A /* CoreLocation+Place.swift in Sources */,
				CF0E0CC42A90F283005FA27A /* RxMKLocalSearchCompleterDelegateProxy.swift in Sources */,
				CF04CB352A92182800492C10 /* FavoriteViewController.swift in Sources */,
				CF04CB382A921BDE00492C10 /* FavoriteViewModel.swift in Sources */,
				CFF140122A9722B200AAEA1D /* FavoriteDetailViewController.swift in Sources */,
				CF0E0CC02A90F08D005FA27A /* SearchServiceType.swift in Sources */,
				CF0E0CA62A90BAEF005FA27A /* MapViewModel.swift in Sources */,
				CF0E0CAF2A90C28C005FA27A /* LocationProvider.swift in Sources */,
				CF04CB302A91C4FB00492C10 /* Reactive+UIButton.swift in Sources */,
				CF0E0CBC2A90CEF4005FA27A /* Reactive+UILabel.swift in Sources */,
				CF64D8672A98949D000FB186 /* PlaceStorage.swift in Sources */,
			);
			runOnlyForDeploymentPostprocessing = 0;
		};
/* End PBXSourcesBuildPhase section */

/* Begin PBXVariantGroup section */
		CF0E0C8D2A90B9F0005FA27A /* LaunchScreen.storyboard */ = {
			isa = PBXVariantGroup;
			children = (
				CF0E0C8E2A90B9F0005FA27A /* Base */,
			);
			name = LaunchScreen.storyboard;
			sourceTree = "<group>";
		};
/* End PBXVariantGroup section */

/* Begin XCBuildConfiguration section */
		CF0E0C912A90B9F0005FA27A /* Debug */ = {
			isa = XCBuildConfiguration;
			buildSettings = {
				ALWAYS_SEARCH_USER_PATHS = NO;
				CLANG_ANALYZER_NONNULL = YES;
				CLANG_ANALYZER_NUMBER_OBJECT_CONVERSION = YES_AGGRESSIVE;
				CLANG_CXX_LANGUAGE_STANDARD = "gnu++20";
				CLANG_ENABLE_MODULES = YES;
				CLANG_ENABLE_OBJC_ARC = YES;
				CLANG_ENABLE_OBJC_WEAK = YES;
				CLANG_WARN_BLOCK_CAPTURE_AUTORELEASING = YES;
				CLANG_WARN_BOOL_CONVERSION = YES;
				CLANG_WARN_COMMA = YES;
				CLANG_WARN_CONSTANT_CONVERSION = YES;
				CLANG_WARN_DEPRECATED_OBJC_IMPLEMENTATIONS = YES;
				CLANG_WARN_DIRECT_OBJC_ISA_USAGE = YES_ERROR;
				CLANG_WARN_DOCUMENTATION_COMMENTS = YES;
				CLANG_WARN_EMPTY_BODY = YES;
				CLANG_WARN_ENUM_CONVERSION = YES;
				CLANG_WARN_INFINITE_RECURSION = YES;
				CLANG_WARN_INT_CONVERSION = YES;
				CLANG_WARN_NON_LITERAL_NULL_CONVERSION = YES;
				CLANG_WARN_OBJC_IMPLICIT_RETAIN_SELF = YES;
				CLANG_WARN_OBJC_LITERAL_CONVERSION = YES;
				CLANG_WARN_OBJC_ROOT_CLASS = YES_ERROR;
				CLANG_WARN_QUOTED_INCLUDE_IN_FRAMEWORK_HEADER = YES;
				CLANG_WARN_RANGE_LOOP_ANALYSIS = YES;
				CLANG_WARN_STRICT_PROTOTYPES = YES;
				CLANG_WARN_SUSPICIOUS_MOVE = YES;
				CLANG_WARN_UNGUARDED_AVAILABILITY = YES_AGGRESSIVE;
				CLANG_WARN_UNREACHABLE_CODE = YES;
				CLANG_WARN__DUPLICATE_METHOD_MATCH = YES;
				COPY_PHASE_STRIP = NO;
				DEBUG_INFORMATION_FORMAT = dwarf;
				ENABLE_STRICT_OBJC_MSGSEND = YES;
				ENABLE_TESTABILITY = YES;
				GCC_C_LANGUAGE_STANDARD = gnu11;
				GCC_DYNAMIC_NO_PIC = NO;
				GCC_NO_COMMON_BLOCKS = YES;
				GCC_OPTIMIZATION_LEVEL = 0;
				GCC_PREPROCESSOR_DEFINITIONS = (
					"DEBUG=1",
					"$(inherited)",
				);
				GCC_WARN_64_TO_32_BIT_CONVERSION = YES;
				GCC_WARN_ABOUT_RETURN_TYPE = YES_ERROR;
				GCC_WARN_UNDECLARED_SELECTOR = YES;
				GCC_WARN_UNINITIALIZED_AUTOS = YES_AGGRESSIVE;
				GCC_WARN_UNUSED_FUNCTION = YES;
				GCC_WARN_UNUSED_VARIABLE = YES;
				IPHONEOS_DEPLOYMENT_TARGET = 16.4;
				MTL_ENABLE_DEBUG_INFO = INCLUDE_SOURCE;
				MTL_FAST_MATH = YES;
				ONLY_ACTIVE_ARCH = YES;
				SDKROOT = iphoneos;
				SWIFT_ACTIVE_COMPILATION_CONDITIONS = DEBUG;
				SWIFT_OPTIMIZATION_LEVEL = "-Onone";
			};
			name = Debug;
		};
		CF0E0C922A90B9F0005FA27A /* Release */ = {
			isa = XCBuildConfiguration;
			buildSettings = {
				ALWAYS_SEARCH_USER_PATHS = NO;
				CLANG_ANALYZER_NONNULL = YES;
				CLANG_ANALYZER_NUMBER_OBJECT_CONVERSION = YES_AGGRESSIVE;
				CLANG_CXX_LANGUAGE_STANDARD = "gnu++20";
				CLANG_ENABLE_MODULES = YES;
				CLANG_ENABLE_OBJC_ARC = YES;
				CLANG_ENABLE_OBJC_WEAK = YES;
				CLANG_WARN_BLOCK_CAPTURE_AUTORELEASING = YES;
				CLANG_WARN_BOOL_CONVERSION = YES;
				CLANG_WARN_COMMA = YES;
				CLANG_WARN_CONSTANT_CONVERSION = YES;
				CLANG_WARN_DEPRECATED_OBJC_IMPLEMENTATIONS = YES;
				CLANG_WARN_DIRECT_OBJC_ISA_USAGE = YES_ERROR;
				CLANG_WARN_DOCUMENTATION_COMMENTS = YES;
				CLANG_WARN_EMPTY_BODY = YES;
				CLANG_WARN_ENUM_CONVERSION = YES;
				CLANG_WARN_INFINITE_RECURSION = YES;
				CLANG_WARN_INT_CONVERSION = YES;
				CLANG_WARN_NON_LITERAL_NULL_CONVERSION = YES;
				CLANG_WARN_OBJC_IMPLICIT_RETAIN_SELF = YES;
				CLANG_WARN_OBJC_LITERAL_CONVERSION = YES;
				CLANG_WARN_OBJC_ROOT_CLASS = YES_ERROR;
				CLANG_WARN_QUOTED_INCLUDE_IN_FRAMEWORK_HEADER = YES;
				CLANG_WARN_RANGE_LOOP_ANALYSIS = YES;
				CLANG_WARN_STRICT_PROTOTYPES = YES;
				CLANG_WARN_SUSPICIOUS_MOVE = YES;
				CLANG_WARN_UNGUARDED_AVAILABILITY = YES_AGGRESSIVE;
				CLANG_WARN_UNREACHABLE_CODE = YES;
				CLANG_WARN__DUPLICATE_METHOD_MATCH = YES;
				COPY_PHASE_STRIP = NO;
				DEBUG_INFORMATION_FORMAT = "dwarf-with-dsym";
				ENABLE_NS_ASSERTIONS = NO;
				ENABLE_STRICT_OBJC_MSGSEND = YES;
				GCC_C_LANGUAGE_STANDARD = gnu11;
				GCC_NO_COMMON_BLOCKS = YES;
				GCC_WARN_64_TO_32_BIT_CONVERSION = YES;
				GCC_WARN_ABOUT_RETURN_TYPE = YES_ERROR;
				GCC_WARN_UNDECLARED_SELECTOR = YES;
				GCC_WARN_UNINITIALIZED_AUTOS = YES_AGGRESSIVE;
				GCC_WARN_UNUSED_FUNCTION = YES;
				GCC_WARN_UNUSED_VARIABLE = YES;
				IPHONEOS_DEPLOYMENT_TARGET = 16.4;
				MTL_ENABLE_DEBUG_INFO = NO;
				MTL_FAST_MATH = YES;
				SDKROOT = iphoneos;
				SWIFT_COMPILATION_MODE = wholemodule;
				SWIFT_OPTIMIZATION_LEVEL = "-O";
				VALIDATE_PRODUCT = YES;
			};
			name = Release;
		};
		CF0E0C942A90B9F0005FA27A /* Debug */ = {
			isa = XCBuildConfiguration;
			baseConfigurationReference = 1C32548B6D6EB506C5022232 /* Pods-Where_Am_I.debug.xcconfig */;
			buildSettings = {
				ASSETCATALOG_COMPILER_APPICON_NAME = AppIcon;
				ASSETCATALOG_COMPILER_GLOBAL_ACCENT_COLOR_NAME = AccentColor;
				CODE_SIGN_STYLE = Automatic;
				CURRENT_PROJECT_VERSION = 1;
				DEVELOPMENT_TEAM = EX6G2VC9J8;
				GENERATE_INFOPLIST_FILE = YES;
				INFOPLIST_FILE = Where_Am_I/Info.plist;
				INFOPLIST_KEY_NSLocationAlwaysAndWhenInUseUsageDescription = "사용자 위치의 위/경도 좌표값을 알려드립니다.";
				INFOPLIST_KEY_NSLocationWhenInUseUsageDescription = "사용자 위치의 위/경도 좌표값을 알려드립니다.";
				INFOPLIST_KEY_UIApplicationSupportsIndirectInputEvents = YES;
				INFOPLIST_KEY_UILaunchStoryboardName = LaunchScreen;
				INFOPLIST_KEY_UISupportedInterfaceOrientations_iPad = "UIInterfaceOrientationPortrait UIInterfaceOrientationPortraitUpsideDown UIInterfaceOrientationLandscapeLeft UIInterfaceOrientationLandscapeRight";
				INFOPLIST_KEY_UISupportedInterfaceOrientations_iPhone = "UIInterfaceOrientationPortrait UIInterfaceOrientationLandscapeLeft UIInterfaceOrientationLandscapeRight";
				IPHONEOS_DEPLOYMENT_TARGET = 14.0;
				LD_RUNPATH_SEARCH_PATHS = (
					"$(inherited)",
					"@executable_path/Frameworks",
				);
				MARKETING_VERSION = 1.0;
				PRODUCT_BUNDLE_IDENTIFIER = "com.dldmswo1209.Where-Am-I";
				PRODUCT_NAME = "$(TARGET_NAME)";
				SUPPORTED_PLATFORMS = "iphoneos iphonesimulator";
				SUPPORTS_MACCATALYST = NO;
				SUPPORTS_MAC_DESIGNED_FOR_IPHONE_IPAD = NO;
				SWIFT_EMIT_LOC_STRINGS = YES;
				SWIFT_VERSION = 5.0;
				TARGETED_DEVICE_FAMILY = "1,2";
			};
			name = Debug;
		};
		CF0E0C952A90B9F0005FA27A /* Release */ = {
			isa = XCBuildConfiguration;
			baseConfigurationReference = 43E6B9D1E5708EC2D82028F9 /* Pods-Where_Am_I.release.xcconfig */;
			buildSettings = {
				ASSETCATALOG_COMPILER_APPICON_NAME = AppIcon;
				ASSETCATALOG_COMPILER_GLOBAL_ACCENT_COLOR_NAME = AccentColor;
				CODE_SIGN_STYLE = Automatic;
				CURRENT_PROJECT_VERSION = 1;
				DEVELOPMENT_TEAM = EX6G2VC9J8;
				GENERATE_INFOPLIST_FILE = YES;
				INFOPLIST_FILE = Where_Am_I/Info.plist;
				INFOPLIST_KEY_NSLocationAlwaysAndWhenInUseUsageDescription = "사용자 위치의 위/경도 좌표값을 알려드립니다.";
				INFOPLIST_KEY_NSLocationWhenInUseUsageDescription = "사용자 위치의 위/경도 좌표값을 알려드립니다.";
				INFOPLIST_KEY_UIApplicationSupportsIndirectInputEvents = YES;
				INFOPLIST_KEY_UILaunchStoryboardName = LaunchScreen;
				INFOPLIST_KEY_UISupportedInterfaceOrientations_iPad = "UIInterfaceOrientationPortrait UIInterfaceOrientationPortraitUpsideDown UIInterfaceOrientationLandscapeLeft UIInterfaceOrientationLandscapeRight";
				INFOPLIST_KEY_UISupportedInterfaceOrientations_iPhone = "UIInterfaceOrientationPortrait UIInterfaceOrientationLandscapeLeft UIInterfaceOrientationLandscapeRight";
				IPHONEOS_DEPLOYMENT_TARGET = 14.0;
				LD_RUNPATH_SEARCH_PATHS = (
					"$(inherited)",
					"@executable_path/Frameworks",
				);
				MARKETING_VERSION = 1.0;
				PRODUCT_BUNDLE_IDENTIFIER = "com.dldmswo1209.Where-Am-I";
				PRODUCT_NAME = "$(TARGET_NAME)";
				SUPPORTED_PLATFORMS = "iphoneos iphonesimulator";
				SUPPORTS_MACCATALYST = NO;
				SUPPORTS_MAC_DESIGNED_FOR_IPHONE_IPAD = NO;
				SWIFT_EMIT_LOC_STRINGS = YES;
				SWIFT_VERSION = 5.0;
				TARGETED_DEVICE_FAMILY = "1,2";
			};
			name = Release;
		};
/* End XCBuildConfiguration section */

/* Begin XCConfigurationList section */
		CF0E0C7A2A90B9F0005FA27A /* Build configuration list for PBXProject "Where_Am_I" */ = {
			isa = XCConfigurationList;
			buildConfigurations = (
				CF0E0C912A90B9F0005FA27A /* Debug */,
				CF0E0C922A90B9F0005FA27A /* Release */,
			);
			defaultConfigurationIsVisible = 0;
			defaultConfigurationName = Release;
		};
		CF0E0C932A90B9F0005FA27A /* Build configuration list for PBXNativeTarget "Where_Am_I" */ = {
			isa = XCConfigurationList;
			buildConfigurations = (
				CF0E0C942A90B9F0005FA27A /* Debug */,
				CF0E0C952A90B9F0005FA27A /* Release */,
			);
			defaultConfigurationIsVisible = 0;
			defaultConfigurationName = Release;
		};
/* End XCConfigurationList section */

/* Begin XCVersionGroup section */
		CF64D8682A98954B000FB186 /* PlaceDataModel.xcdatamodeld */ = {
			isa = XCVersionGroup;
			children = (
				CF64D8692A98954B000FB186 /* PlaceDataModel.xcdatamodel */,
			);
			currentVersion = CF64D8692A98954B000FB186 /* PlaceDataModel.xcdatamodel */;
			path = PlaceDataModel.xcdatamodeld;
			sourceTree = "<group>";
			versionGroupType = wrapper.xcdatamodel;
		};
/* End XCVersionGroup section */
	};
	rootObject = CF0E0C772A90B9F0005FA27A /* Project object */;
}
